// !$*UTF8*$!
{
	archiveVersion = 1;
	classes = {
	};
	objectVersion = 55;
	objects = {

/* Begin PBXBuildFile section */
		12E1527A284852E100805A8A /* SwiftUIChallenge05App.swift in Sources */ = {isa = PBXBuildFile; fileRef = 12E15279284852E100805A8A /* SwiftUIChallenge05App.swift */; };
		12E1527C284852E100805A8A /* ContentView.swift in Sources */ = {isa = PBXBuildFile; fileRef = 12E1527B284852E100805A8A /* ContentView.swift */; };
		12E1527E284852E200805A8A /* Assets.xcassets in Resources */ = {isa = PBXBuildFile; fileRef = 12E1527D284852E200805A8A /* Assets.xcassets */; };
		12E15281284852E200805A8A /* Preview Assets.xcassets in Resources */ = {isa = PBXBuildFile; fileRef = 12E15280284852E200805A8A /* Preview Assets.xcassets */; };
		12E1529A2848540A00805A8A /* ScaledFont.swift in Sources */ = {isa = PBXBuildFile; fileRef = 12E1528D2848540A00805A8A /* ScaledFont.swift */; };
		12E1529B2848540A00805A8A /* DefaultPreview.swift in Sources */ = {isa = PBXBuildFile; fileRef = 12E1528E2848540A00805A8A /* DefaultPreview.swift */; };
		12E1529C2848540A00805A8A /* CustomTextStyle.swift in Sources */ = {isa = PBXBuildFile; fileRef = 12E1528F2848540A00805A8A /* CustomTextStyle.swift */; };
		12E1529D2848540A00805A8A /* RoundedCorners.swift in Sources */ = {isa = PBXBuildFile; fileRef = 12E152902848540A00805A8A /* RoundedCorners.swift */; };
		12E1529E2848540A00805A8A /* AvenirNextCondensed-Regular.ttf in Resources */ = {isa = PBXBuildFile; fileRef = 12E152922848540A00805A8A /* AvenirNextCondensed-Regular.ttf */; };
		12E1529F2848540A00805A8A /* AvenirNextCondensed-Bold.ttf in Resources */ = {isa = PBXBuildFile; fileRef = 12E152932848540A00805A8A /* AvenirNextCondensed-Bold.ttf */; };
		12E152A02848540A00805A8A /* AvenirNextCondensed-DemiBold.ttf in Resources */ = {isa = PBXBuildFile; fileRef = 12E152942848540A00805A8A /* AvenirNextCondensed-DemiBold.ttf */; };
		12E152A12848540A00805A8A /* LinLibertine_RB.ttf in Resources */ = {isa = PBXBuildFile; fileRef = 12E152952848540A00805A8A /* LinLibertine_RB.ttf */; };
		12E152A22848540A00805A8A /* AvenirNextCondensed-Medium.ttf in Resources */ = {isa = PBXBuildFile; fileRef = 12E152962848540A00805A8A /* AvenirNextCondensed-Medium.ttf */; };
		12E152A32848540A00805A8A /* AvenirNextCondensed-Heavy.ttf in Resources */ = {isa = PBXBuildFile; fileRef = 12E152972848540A00805A8A /* AvenirNextCondensed-Heavy.ttf */; };
		12E152A42848540A00805A8A /* AvenirNextCondensed-UltraLight.ttf in Resources */ = {isa = PBXBuildFile; fileRef = 12E152982848540A00805A8A /* AvenirNextCondensed-UltraLight.ttf */; };
		12E152A52848540A00805A8A /* Palette+Color.swift in Sources */ = {isa = PBXBuildFile; fileRef = 12E152992848540A00805A8A /* Palette+Color.swift */; };
		12E152A72848542500805A8A /* Theme.xcassets in Resources */ = {isa = PBXBuildFile; fileRef = 12E152A62848542500805A8A /* Theme.xcassets */; };
		12E152AA284904EC00805A8A /* ticketswhtView.swift in Sources */ = {isa = PBXBuildFile; fileRef = 12E152A9284904EC00805A8A /* ticketswhtView.swift */; };
		12E152AC2849057A00805A8A /* movieImageView.swift in Sources */ = {isa = PBXBuildFile; fileRef = 12E152AB2849057A00805A8A /* movieImageView.swift */; };
		12E152AE2849058700805A8A /* movieTitleView.swift in Sources */ = {isa = PBXBuildFile; fileRef = 12E152AD2849058700805A8A /* movieTitleView.swift */; };
		12E152B0284905A000805A8A /* movieTicketsView.swift in Sources */ = {isa = PBXBuildFile; fileRef = 12E152AF284905A000805A8A /* movieTicketsView.swift */; };
		12E152B2284905AD00805A8A /* movieSubtotalView.swift in Sources */ = {isa = PBXBuildFile; fileRef = 12E152B1284905AD00805A8A /* movieSubtotalView.swift */; };
		12FDF587284A3561008F0E7E /* ticketBackgroundView.swift in Sources */ = {isa = PBXBuildFile; fileRef = 12FDF586284A3561008F0E7E /* ticketBackgroundView.swift */; };
		12FDF589284A35B2008F0E7E /* ticketTitlesView.swift in Sources */ = {isa = PBXBuildFile; fileRef = 12FDF588284A35B2008F0E7E /* ticketTitlesView.swift */; };
		12FDF58B284A35ED008F0E7E /* adultTicketView.swift in Sources */ = {isa = PBXBuildFile; fileRef = 12FDF58A284A35ED008F0E7E /* adultTicketView.swift */; };
		12FDF58D284A35FB008F0E7E /* childTicketView.swift in Sources */ = {isa = PBXBuildFile; fileRef = 12FDF58C284A35FB008F0E7E /* childTicketView.swift */; };
		12FDF58F284A3604008F0E7E /* seniorTicketView.swift in Sources */ = {isa = PBXBuildFile; fileRef = 12FDF58E284A3604008F0E7E /* seniorTicketView.swift */; };
		12FDF591284A361B008F0E7E /* quantitySelectorView.swift in Sources */ = {isa = PBXBuildFile; fileRef = 12FDF590284A361B008F0E7E /* quantitySelectorView.swift */; };
		12FDF593284A3629008F0E7E /* addTicketButtonView.swift in Sources */ = {isa = PBXBuildFile; fileRef = 12FDF592284A3629008F0E7E /* addTicketButtonView.swift */; };
/* End PBXBuildFile section */

/* Begin PBXFileReference section */
		12E15276284852E100805A8A /* SwiftUIChallenge05.app */ = {isa = PBXFileReference; explicitFileType = wrapper.application; includeInIndex = 0; path = SwiftUIChallenge05.app; sourceTree = BUILT_PRODUCTS_DIR; };
		12E15279284852E100805A8A /* SwiftUIChallenge05App.swift */ = {isa = PBXFileReference; lastKnownFileType = sourcecode.swift; path = SwiftUIChallenge05App.swift; sourceTree = "<group>"; };
		12E1527B284852E100805A8A /* ContentView.swift */ = {isa = PBXFileReference; lastKnownFileType = sourcecode.swift; path = ContentView.swift; sourceTree = "<group>"; };
		12E1527D284852E200805A8A /* Assets.xcassets */ = {isa = PBXFileReference; lastKnownFileType = folder.assetcatalog; path = Assets.xcassets; sourceTree = "<group>"; };
		12E15280284852E200805A8A /* Preview Assets.xcassets */ = {isa = PBXFileReference; lastKnownFileType = folder.assetcatalog; path = "Preview Assets.xcassets"; sourceTree = "<group>"; };
		12E1528D2848540A00805A8A /* ScaledFont.swift */ = {isa = PBXFileReference; fileEncoding = 4; lastKnownFileType = sourcecode.swift; path = ScaledFont.swift; sourceTree = "<group>"; };
		12E1528E2848540A00805A8A /* DefaultPreview.swift */ = {isa = PBXFileReference; fileEncoding = 4; lastKnownFileType = sourcecode.swift; path = DefaultPreview.swift; sourceTree = "<group>"; };
		12E1528F2848540A00805A8A /* CustomTextStyle.swift */ = {isa = PBXFileReference; fileEncoding = 4; lastKnownFileType = sourcecode.swift; path = CustomTextStyle.swift; sourceTree = "<group>"; };
		12E152902848540A00805A8A /* RoundedCorners.swift */ = {isa = PBXFileReference; fileEncoding = 4; lastKnownFileType = sourcecode.swift; path = RoundedCorners.swift; sourceTree = "<group>"; };
		12E152922848540A00805A8A /* AvenirNextCondensed-Regular.ttf */ = {isa = PBXFileReference; lastKnownFileType = file; path = "AvenirNextCondensed-Regular.ttf"; sourceTree = "<group>"; };
		12E152932848540A00805A8A /* AvenirNextCondensed-Bold.ttf */ = {isa = PBXFileReference; lastKnownFileType = file; path = "AvenirNextCondensed-Bold.ttf"; sourceTree = "<group>"; };
		12E152942848540A00805A8A /* AvenirNextCondensed-DemiBold.ttf */ = {isa = PBXFileReference; lastKnownFileType = file; path = "AvenirNextCondensed-DemiBold.ttf"; sourceTree = "<group>"; };
		12E152952848540A00805A8A /* LinLibertine_RB.ttf */ = {isa = PBXFileReference; lastKnownFileType = file; path = LinLibertine_RB.ttf; sourceTree = "<group>"; };
		12E152962848540A00805A8A /* AvenirNextCondensed-Medium.ttf */ = {isa = PBXFileReference; lastKnownFileType = file; path = "AvenirNextCondensed-Medium.ttf"; sourceTree = "<group>"; };
		12E152972848540A00805A8A /* AvenirNextCondensed-Heavy.ttf */ = {isa = PBXFileReference; lastKnownFileType = file; path = "AvenirNextCondensed-Heavy.ttf"; sourceTree = "<group>"; };
		12E152982848540A00805A8A /* AvenirNextCondensed-UltraLight.ttf */ = {isa = PBXFileReference; lastKnownFileType = file; path = "AvenirNextCondensed-UltraLight.ttf"; sourceTree = "<group>"; };
		12E152992848540A00805A8A /* Palette+Color.swift */ = {isa = PBXFileReference; fileEncoding = 4; lastKnownFileType = sourcecode.swift; path = "Palette+Color.swift"; sourceTree = "<group>"; };
		12E152A62848542500805A8A /* Theme.xcassets */ = {isa = PBXFileReference; lastKnownFileType = folder.assetcatalog; path = Theme.xcassets; sourceTree = "<group>"; };
		12E152A82848544500805A8A /* Info.plist */ = {isa = PBXFileReference; lastKnownFileType = text.plist; path = Info.plist; sourceTree = "<group>"; };
		12E152A9284904EC00805A8A /* ticketswhtView.swift */ = {isa = PBXFileReference; lastKnownFileType = sourcecode.swift; path = ticketswhtView.swift; sourceTree = "<group>"; };
		12E152AB2849057A00805A8A /* movieImageView.swift */ = {isa = PBXFileReference; lastKnownFileType = sourcecode.swift; path = movieImageView.swift; sourceTree = "<group>"; };
		12E152AD2849058700805A8A /* movieTitleView.swift */ = {isa = PBXFileReference; lastKnownFileType = sourcecode.swift; path = movieTitleView.swift; sourceTree = "<group>"; };
		12E152AF284905A000805A8A /* movieTicketsView.swift */ = {isa = PBXFileReference; lastKnownFileType = sourcecode.swift; path = movieTicketsView.swift; sourceTree = "<group>"; };
		12E152B1284905AD00805A8A /* movieSubtotalView.swift */ = {isa = PBXFileReference; lastKnownFileType = sourcecode.swift; path = movieSubtotalView.swift; sourceTree = "<group>"; };
		12FDF586284A3561008F0E7E /* ticketBackgroundView.swift */ = {isa = PBXFileReference; lastKnownFileType = sourcecode.swift; path = ticketBackgroundView.swift; sourceTree = "<group>"; };
		12FDF588284A35B2008F0E7E /* ticketTitlesView.swift */ = {isa = PBXFileReference; lastKnownFileType = sourcecode.swift; path = ticketTitlesView.swift; sourceTree = "<group>"; };
		12FDF58A284A35ED008F0E7E /* adultTicketView.swift */ = {isa = PBXFileReference; lastKnownFileType = sourcecode.swift; path = adultTicketView.swift; sourceTree = "<group>"; };
		12FDF58C284A35FB008F0E7E /* childTicketView.swift */ = {isa = PBXFileReference; lastKnownFileType = sourcecode.swift; path = childTicketView.swift; sourceTree = "<group>"; };
		12FDF58E284A3604008F0E7E /* seniorTicketView.swift */ = {isa = PBXFileReference; lastKnownFileType = sourcecode.swift; path = seniorTicketView.swift; sourceTree = "<group>"; };
		12FDF590284A361B008F0E7E /* quantitySelectorView.swift */ = {isa = PBXFileReference; lastKnownFileType = sourcecode.swift; path = quantitySelectorView.swift; sourceTree = "<group>"; };
		12FDF592284A3629008F0E7E /* addTicketButtonView.swift */ = {isa = PBXFileReference; lastKnownFileType = sourcecode.swift; path = addTicketButtonView.swift; sourceTree = "<group>"; };
/* End PBXFileReference section */

/* Begin PBXFrameworksBuildPhase section */
		12E15273284852E100805A8A /* Frameworks */ = {
			isa = PBXFrameworksBuildPhase;
			buildActionMask = 2147483647;
			files = (
			);
			runOnlyForDeploymentPostprocessing = 0;
		};
/* End PBXFrameworksBuildPhase section */

/* Begin PBXGroup section */
		12E1526D284852E100805A8A = {
			isa = PBXGroup;
			children = (
				12E15278284852E100805A8A /* SwiftUIChallenge05 */,
				12E15277284852E100805A8A /* Products */,
			);
			sourceTree = "<group>";
		};
		12E15277284852E100805A8A /* Products */ = {
			isa = PBXGroup;
			children = (
				12E15276284852E100805A8A /* SwiftUIChallenge05.app */,
			);
			name = Products;
			sourceTree = "<group>";
		};
		12E15278284852E100805A8A /* SwiftUIChallenge05 */ = {
			isa = PBXGroup;
			children = (
				12E152A82848544500805A8A /* Info.plist */,
				12E152872848531A00805A8A /* Application */,
				12E1528C2848540A00805A8A /* Utilities */,
				12E152892848533400805A8A /* Model */,
				12E152882848532300805A8A /* Views */,
				12E1527F284852E200805A8A /* Preview Content */,
			);
			path = SwiftUIChallenge05;
			sourceTree = "<group>";
		};
		12E1527F284852E200805A8A /* Preview Content */ = {
			isa = PBXGroup;
			children = (
				12E15280284852E200805A8A /* Preview Assets.xcassets */,
			);
			path = "Preview Content";
			sourceTree = "<group>";
		};
		12E152872848531A00805A8A /* Application */ = {
			isa = PBXGroup;
			children = (
				12E15279284852E100805A8A /* SwiftUIChallenge05App.swift */,
				12E1527D284852E200805A8A /* Assets.xcassets */,
				12E152A62848542500805A8A /* Theme.xcassets */,
			);
			path = Application;
			sourceTree = "<group>";
		};
		12E152882848532300805A8A /* Views */ = {
			isa = PBXGroup;
			children = (
				12E1528B2848534F00805A8A /* Supporting Views */,
				12E1528A2848534900805A8A /* Misc */,
			);
			path = Views;
			sourceTree = "<group>";
		};
		12E152892848533400805A8A /* Model */ = {
			isa = PBXGroup;
			children = (
			);
			path = Model;
			sourceTree = "<group>";
		};
		12E1528A2848534900805A8A /* Misc */ = {
			isa = PBXGroup;
			children = (
				12E1527B284852E100805A8A /* ContentView.swift */,
				12E152A9284904EC00805A8A /* ticketswhtView.swift */,
			);
			path = Misc;
			sourceTree = "<group>";
		};
		12E1528B2848534F00805A8A /* Supporting Views */ = {
			isa = PBXGroup;
			children = (
				12E152AB2849057A00805A8A /* movieImageView.swift */,
				12E152AD2849058700805A8A /* movieTitleView.swift */,
				12E152AF284905A000805A8A /* movieTicketsView.swift */,
				12E152B1284905AD00805A8A /* movieSubtotalView.swift */,
				12FDF586284A3561008F0E7E /* ticketBackgroundView.swift */,
				12FDF588284A35B2008F0E7E /* ticketTitlesView.swift */,
				12FDF58A284A35ED008F0E7E /* adultTicketView.swift */,
				12FDF58C284A35FB008F0E7E /* childTicketView.swift */,
				12FDF58E284A3604008F0E7E /* seniorTicketView.swift */,
				12FDF590284A361B008F0E7E /* quantitySelectorView.swift */,
				12FDF592284A3629008F0E7E /* addTicketButtonView.swift */,
			);
			path = "Supporting Views";
			sourceTree = "<group>";
		};
		12E1528C2848540A00805A8A /* Utilities */ = {
			isa = PBXGroup;
			children = (
				12E1528D2848540A00805A8A /* ScaledFont.swift */,
				12E1528E2848540A00805A8A /* DefaultPreview.swift */,
				12E1528F2848540A00805A8A /* CustomTextStyle.swift */,
				12E152902848540A00805A8A /* RoundedCorners.swift */,
				12E152912848540A00805A8A /* Font */,
				12E152992848540A00805A8A /* Palette+Color.swift */,
			);
			name = Utilities;
			path = SwiftUIChallenge05/Utilities;
			sourceTree = SOURCE_ROOT;
		};
		12E152912848540A00805A8A /* Font */ = {
			isa = PBXGroup;
			children = (
				12E152922848540A00805A8A /* AvenirNextCondensed-Regular.ttf */,
				12E152932848540A00805A8A /* AvenirNextCondensed-Bold.ttf */,
				12E152942848540A00805A8A /* AvenirNextCondensed-DemiBold.ttf */,
				12E152952848540A00805A8A /* LinLibertine_RB.ttf */,
				12E152962848540A00805A8A /* AvenirNextCondensed-Medium.ttf */,
				12E152972848540A00805A8A /* AvenirNextCondensed-Heavy.ttf */,
				12E152982848540A00805A8A /* AvenirNextCondensed-UltraLight.ttf */,
			);
			path = Font;
			sourceTree = "<group>";
		};
/* End PBXGroup section */

/* Begin PBXNativeTarget section */
		12E15275284852E100805A8A /* SwiftUIChallenge05 */ = {
			isa = PBXNativeTarget;
			buildConfigurationList = 12E15284284852E200805A8A /* Build configuration list for PBXNativeTarget "SwiftUIChallenge05" */;
			buildPhases = (
				12E15272284852E100805A8A /* Sources */,
				12E15273284852E100805A8A /* Frameworks */,
				12E15274284852E100805A8A /* Resources */,
			);
			buildRules = (
			);
			dependencies = (
			);
			name = SwiftUIChallenge05;
			productName = SwiftUIChallenge05;
			productReference = 12E15276284852E100805A8A /* SwiftUIChallenge05.app */;
			productType = "com.apple.product-type.application";
		};
/* End PBXNativeTarget section */

/* Begin PBXProject section */
		12E1526E284852E100805A8A /* Project object */ = {
			isa = PBXProject;
			attributes = {
				BuildIndependentTargetsInParallel = 1;
				LastSwiftUpdateCheck = 1330;
				LastUpgradeCheck = 1330;
				TargetAttributes = {
					12E15275284852E100805A8A = {
						CreatedOnToolsVersion = 13.3.1;
					};
				};
			};
			buildConfigurationList = 12E15271284852E100805A8A /* Build configuration list for PBXProject "SwiftUIChallenge05" */;
			compatibilityVersion = "Xcode 13.0";
			developmentRegion = en;
			hasScannedForEncodings = 0;
			knownRegions = (
				en,
				Base,
			);
			mainGroup = 12E1526D284852E100805A8A;
			productRefGroup = 12E15277284852E100805A8A /* Products */;
			projectDirPath = "";
			projectRoot = "";
			targets = (
				12E15275284852E100805A8A /* SwiftUIChallenge05 */,
			);
		};
/* End PBXProject section */

/* Begin PBXResourcesBuildPhase section */
		12E15274284852E100805A8A /* Resources */ = {
			isa = PBXResourcesBuildPhase;
			buildActionMask = 2147483647;
			files = (
				12E1529E2848540A00805A8A /* AvenirNextCondensed-Regular.ttf in Resources */,
				12E152A12848540A00805A8A /* LinLibertine_RB.ttf in Resources */,
				12E152A32848540A00805A8A /* AvenirNextCondensed-Heavy.ttf in Resources */,
				12E152A22848540A00805A8A /* AvenirNextCondensed-Medium.ttf in Resources */,
				12E1529F2848540A00805A8A /* AvenirNextCondensed-Bold.ttf in Resources */,
				12E152A02848540A00805A8A /* AvenirNextCondensed-DemiBold.ttf in Resources */,
				12E15281284852E200805A8A /* Preview Assets.xcassets in Resources */,
				12E152A72848542500805A8A /* Theme.xcassets in Resources */,
				12E152A42848540A00805A8A /* AvenirNextCondensed-UltraLight.ttf in Resources */,
				12E1527E284852E200805A8A /* Assets.xcassets in Resources */,
			);
			runOnlyForDeploymentPostprocessing = 0;
		};
/* End PBXResourcesBuildPhase section */

/* Begin PBXSourcesBuildPhase section */
		12E15272284852E100805A8A /* Sources */ = {
			isa = PBXSourcesBuildPhase;
			buildActionMask = 2147483647;
			files = (
				12E152B0284905A000805A8A /* movieTicketsView.swift in Sources */,
				12E1529A2848540A00805A8A /* ScaledFont.swift in Sources */,
				12E1527C284852E100805A8A /* ContentView.swift in Sources */,
				12FDF58D284A35FB008F0E7E /* childTicketView.swift in Sources */,
				12E1529C2848540A00805A8A /* CustomTextStyle.swift in Sources */,
				12E1529B2848540A00805A8A /* DefaultPreview.swift in Sources */,
				12E152AA284904EC00805A8A /* ticketswhtView.swift in Sources */,
				12E152B2284905AD00805A8A /* movieSubtotalView.swift in Sources */,
				12FDF58F284A3604008F0E7E /* seniorTicketView.swift in Sources */,
				12E152A52848540A00805A8A /* Palette+Color.swift in Sources */,
				12FDF58B284A35ED008F0E7E /* adultTicketView.swift in Sources */,
				12E1529D2848540A00805A8A /* RoundedCorners.swift in Sources */,
				12FDF587284A3561008F0E7E /* ticketBackgroundView.swift in Sources */,
				12E152AE2849058700805A8A /* movieTitleView.swift in Sources */,
				12FDF589284A35B2008F0E7E /* ticketTitlesView.swift in Sources */,
				12E152AC2849057A00805A8A /* movieImageView.swift in Sources */,
				12FDF591284A361B008F0E7E /* quantitySelectorView.swift in Sources */,
				12FDF593284A3629008F0E7E /* addTicketButtonView.swift in Sources */,
				12E1527A284852E100805A8A /* SwiftUIChallenge05App.swift in Sources */,
			);
			runOnlyForDeploymentPostprocessing = 0;
		};
/* End PBXSourcesBuildPhase section */

/* Begin XCBuildConfiguration section */
		12E15282284852E200805A8A /* Debug */ = {
			isa = XCBuildConfiguration;
			buildSettings = {
				ALWAYS_SEARCH_USER_PATHS = NO;
				CLANG_ANALYZER_NONNULL = YES;
				CLANG_ANALYZER_NUMBER_OBJECT_CONVERSION = YES_AGGRESSIVE;
				CLANG_CXX_LANGUAGE_STANDARD = "gnu++17";
				CLANG_ENABLE_MODULES = YES;
				CLANG_ENABLE_OBJC_ARC = YES;
				CLANG_ENABLE_OBJC_WEAK = YES;
				CLANG_WARN_BLOCK_CAPTURE_AUTORELEASING = YES;
				CLANG_WARN_BOOL_CONVERSION = YES;
				CLANG_WARN_COMMA = YES;
				CLANG_WARN_CONSTANT_CONVERSION = YES;
				CLANG_WARN_DEPRECATED_OBJC_IMPLEMENTATIONS = YES;
				CLANG_WARN_DIRECT_OBJC_ISA_USAGE = YES_ERROR;
				CLANG_WARN_DOCUMENTATION_COMMENTS = YES;
				CLANG_WARN_EMPTY_BODY = YES;
				CLANG_WARN_ENUM_CONVERSION = YES;
				CLANG_WARN_INFINITE_RECURSION = YES;
				CLANG_WARN_INT_CONVERSION = YES;
				CLANG_WARN_NON_LITERAL_NULL_CONVERSION = YES;
				CLANG_WARN_OBJC_IMPLICIT_RETAIN_SELF = YES;
				CLANG_WARN_OBJC_LITERAL_CONVERSION = YES;
				CLANG_WARN_OBJC_ROOT_CLASS = YES_ERROR;
				CLANG_WARN_QUOTED_INCLUDE_IN_FRAMEWORK_HEADER = YES;
				CLANG_WARN_RANGE_LOOP_ANALYSIS = YES;
				CLANG_WARN_STRICT_PROTOTYPES = YES;
				CLANG_WARN_SUSPICIOUS_MOVE = YES;
				CLANG_WARN_UNGUARDED_AVAILABILITY = YES_AGGRESSIVE;
				CLANG_WARN_UNREACHABLE_CODE = YES;
				CLANG_WARN__DUPLICATE_METHOD_MATCH = YES;
				COPY_PHASE_STRIP = NO;
				DEBUG_INFORMATION_FORMAT = dwarf;
				ENABLE_STRICT_OBJC_MSGSEND = YES;
				ENABLE_TESTABILITY = YES;
				GCC_C_LANGUAGE_STANDARD = gnu11;
				GCC_DYNAMIC_NO_PIC = NO;
				GCC_NO_COMMON_BLOCKS = YES;
				GCC_OPTIMIZATION_LEVEL = 0;
				GCC_PREPROCESSOR_DEFINITIONS = (
					"DEBUG=1",
					"$(inherited)",
				);
				GCC_WARN_64_TO_32_BIT_CONVERSION = YES;
				GCC_WARN_ABOUT_RETURN_TYPE = YES_ERROR;
				GCC_WARN_UNDECLARED_SELECTOR = YES;
				GCC_WARN_UNINITIALIZED_AUTOS = YES_AGGRESSIVE;
				GCC_WARN_UNUSED_FUNCTION = YES;
				GCC_WARN_UNUSED_VARIABLE = YES;
				IPHONEOS_DEPLOYMENT_TARGET = 15.4;
				MTL_ENABLE_DEBUG_INFO = INCLUDE_SOURCE;
				MTL_FAST_MATH = YES;
				ONLY_ACTIVE_ARCH = YES;
				SDKROOT = iphoneos;
				SWIFT_ACTIVE_COMPILATION_CONDITIONS = DEBUG;
				SWIFT_OPTIMIZATION_LEVEL = "-Onone";
			};
			name = Debug;
		};
		12E15283284852E200805A8A /* Release */ = {
			isa = XCBuildConfiguration;
			buildSettings = {
				ALWAYS_SEARCH_USER_PATHS = NO;
				CLANG_ANALYZER_NONNULL = YES;
				CLANG_ANALYZER_NUMBER_OBJECT_CONVERSION = YES_AGGRESSIVE;
				CLANG_CXX_LANGUAGE_STANDARD = "gnu++17";
				CLANG_ENABLE_MODULES = YES;
				CLANG_ENABLE_OBJC_ARC = YES;
				CLANG_ENABLE_OBJC_WEAK = YES;
				CLANG_WARN_BLOCK_CAPTURE_AUTORELEASING = YES;
				CLANG_WARN_BOOL_CONVERSION = YES;
				CLANG_WARN_COMMA = YES;
				CLANG_WARN_CONSTANT_CONVERSION = YES;
				CLANG_WARN_DEPRECATED_OBJC_IMPLEMENTATIONS = YES;
				CLANG_WARN_DIRECT_OBJC_ISA_USAGE = YES_ERROR;
				CLANG_WARN_DOCUMENTATION_COMMENTS = YES;
				CLANG_WARN_EMPTY_BODY = YES;
				CLANG_WARN_ENUM_CONVERSION = YES;
				CLANG_WARN_INFINITE_RECURSION = YES;
				CLANG_WARN_INT_CONVERSION = YES;
				CLANG_WARN_NON_LITERAL_NULL_CONVERSION = YES;
				CLANG_WARN_OBJC_IMPLICIT_RETAIN_SELF = YES;
				CLANG_WARN_OBJC_LITERAL_CONVERSION = YES;
				CLANG_WARN_OBJC_ROOT_CLASS = YES_ERROR;
				CLANG_WARN_QUOTED_INCLUDE_IN_FRAMEWORK_HEADER = YES;
				CLANG_WARN_RANGE_LOOP_ANALYSIS = YES;
				CLANG_WARN_STRICT_PROTOTYPES = YES;
				CLANG_WARN_SUSPICIOUS_MOVE = YES;
				CLANG_WARN_UNGUARDED_AVAILABILITY = YES_AGGRESSIVE;
				CLANG_WARN_UNREACHABLE_CODE = YES;
				CLANG_WARN__DUPLICATE_METHOD_MATCH = YES;
				COPY_PHASE_STRIP = NO;
				DEBUG_INFORMATION_FORMAT = "dwarf-with-dsym";
				ENABLE_NS_ASSERTIONS = NO;
				ENABLE_STRICT_OBJC_MSGSEND = YES;
				GCC_C_LANGUAGE_STANDARD = gnu11;
				GCC_NO_COMMON_BLOCKS = YES;
				GCC_WARN_64_TO_32_BIT_CONVERSION = YES;
				GCC_WARN_ABOUT_RETURN_TYPE = YES_ERROR;
				GCC_WARN_UNDECLARED_SELECTOR = YES;
				GCC_WARN_UNINITIALIZED_AUTOS = YES_AGGRESSIVE;
				GCC_WARN_UNUSED_FUNCTION = YES;
				GCC_WARN_UNUSED_VARIABLE = YES;
				IPHONEOS_DEPLOYMENT_TARGET = 15.4;
				MTL_ENABLE_DEBUG_INFO = NO;
				MTL_FAST_MATH = YES;
				SDKROOT = iphoneos;
				SWIFT_COMPILATION_MODE = wholemodule;
				SWIFT_OPTIMIZATION_LEVEL = "-O";
				VALIDATE_PRODUCT = YES;
			};
			name = Release;
		};
		12E15285284852E200805A8A /* Debug */ = {
			isa = XCBuildConfiguration;
			buildSettings = {
				ASSETCATALOG_COMPILER_APPICON_NAME = AppIcon;
				ASSETCATALOG_COMPILER_GLOBAL_ACCENT_COLOR_NAME = AccentColor;
				CODE_SIGN_STYLE = Automatic;
				CURRENT_PROJECT_VERSION = 1;
				DEVELOPMENT_ASSET_PATHS = "\"SwiftUIChallenge05/Preview Content\"";
				ENABLE_PREVIEWS = YES;
				GENERATE_INFOPLIST_FILE = YES;
				INFOPLIST_FILE = SwiftUIChallenge05/Info.plist;
				INFOPLIST_KEY_UIApplicationSceneManifest_Generation = YES;
				INFOPLIST_KEY_UIApplicationSupportsIndirectInputEvents = YES;
				INFOPLIST_KEY_UILaunchScreen_Generation = YES;
				INFOPLIST_KEY_UISupportedInterfaceOrientations_iPad = "UIInterfaceOrientationPortrait UIInterfaceOrientationPortraitUpsideDown UIInterfaceOrientationLandscapeLeft UIInterfaceOrientationLandscapeRight";
				INFOPLIST_KEY_UISupportedInterfaceOrientations_iPhone = "UIInterfaceOrientationPortrait UIInterfaceOrientationLandscapeLeft UIInterfaceOrientationLandscapeRight";
				LD_RUNPATH_SEARCH_PATHS = (
					"$(inherited)",
					"@executable_path/Frameworks",
				);
				MARKETING_VERSION = 1.0;
				PRODUCT_BUNDLE_IDENTIFIER = com.daesy.SwiftUIChallenge05;
				PRODUCT_NAME = "$(TARGET_NAME)";
				SWIFT_EMIT_LOC_STRINGS = YES;
				SWIFT_VERSION = 5.0;
				TARGETED_DEVICE_FAMILY = "1,2";
			};
			name = Debug;
		};
		12E15286284852E200805A8A /* Release */ = {
			isa = XCBuildConfiguration;
			buildSettings = {
				ASSETCATALOG_COMPILER_APPICON_NAME = AppIcon;
				ASSETCATALOG_COMPILER_GLOBAL_ACCENT_COLOR_NAME = AccentColor;
				CODE_SIGN_STYLE = Automatic;
				CURRENT_PROJECT_VERSION = 1;
				DEVELOPMENT_ASSET_PATHS = "\"SwiftUIChallenge05/Preview Content\"";
				ENABLE_PREVIEWS = YES;
				GENERATE_INFOPLIST_FILE = YES;
				INFOPLIST_FILE = SwiftUIChallenge05/Info.plist;
				INFOPLIST_KEY_UIApplicationSceneManifest_Generation = YES;
				INFOPLIST_KEY_UIApplicationSupportsIndirectInputEvents = YES;
				INFOPLIST_KEY_UILaunchScreen_Generation = YES;
				INFOPLIST_KEY_UISupportedInterfaceOrientations_iPad = "UIInterfaceOrientationPortrait UIInterfaceOrientationPortraitUpsideDown UIInterfaceOrientationLandscapeLeft UIInterfaceOrientationLandscapeRight";
				INFOPLIST_KEY_UISupportedInterfaceOrientations_iPhone = "UIInterfaceOrientationPortrait UIInterfaceOrientationLandscapeLeft UIInterfaceOrientationLandscapeRight";
				LD_RUNPATH_SEARCH_PATHS = (
					"$(inherited)",
					"@executable_path/Frameworks",
				);
				MARKETING_VERSION = 1.0;
				PRODUCT_BUNDLE_IDENTIFIER = com.daesy.SwiftUIChallenge05;
				PRODUCT_NAME = "$(TARGET_NAME)";
				SWIFT_EMIT_LOC_STRINGS = YES;
				SWIFT_VERSION = 5.0;
				TARGETED_DEVICE_FAMILY = "1,2";
			};
			name = Release;
		};
/* End XCBuildConfiguration section */

/* Begin XCConfigurationList section */
		12E15271284852E100805A8A /* Build configuration list for PBXProject "SwiftUIChallenge05" */ = {
			isa = XCConfigurationList;
			buildConfigurations = (
				12E15282284852E200805A8A /* Debug */,
				12E15283284852E200805A8A /* Release */,
			);
			defaultConfigurationIsVisible = 0;
			defaultConfigurationName = Release;
		};
		12E15284284852E200805A8A /* Build configuration list for PBXNativeTarget "SwiftUIChallenge05" */ = {
			isa = XCConfigurationList;
			buildConfigurations = (
				12E15285284852E200805A8A /* Debug */,
				12E15286284852E200805A8A /* Release */,
			);
			defaultConfigurationIsVisible = 0;
			defaultConfigurationName = Release;
		};
/* End XCConfigurationList section */
	};
	rootObject = 12E1526E284852E100805A8A /* Project object */;
}
